{
  "version": 4,
  "terraform_version": "1.15.7",
  "serial": 53,
  "lineage": "c1e36f24-91d7-ffd7-cffd-c23bacb96ff3",
  "outputs": {
    "api_url": {
      "value": "https://t9p1pbc0ve.execute-api.us-east-1.amazonaws.com/",
      "type": "string"
    }
  },
  "resources": [
    {
      "mode": "data",
      "type": "archive_file",
      "name": "lambda_zip",
      "provider": "provider[\"registry.terraform.io/hashicorp/archive\"]",
      "instances": [
        {
          "schema_version": 0,
          "attributes": {
            "exclude_symlink_directories": null,
            "excludes": [
              ".terraform",
              ".terraform.lock.hcl",
              "lambda_function.zip",
              "main.tf",
              "terraform.tfstate",
              "terraform.tfstate.backup"
            ],
            "id": "06ff65f63b5d35adeee0f78a8f96ba7b97b09252",
            "output_base64sha256": "RHyEd59VCFxKo0R0UVbjhiT5a3dCRxzS83v8CksZYFQ=",
            "output_base64sha512": "11sOvo9ND2cECrhA2NMy1l3GOEdD0xadcOqy2HcEJKaeuz5pYQqvhrpaGrjDyD60vfDaV87mPSUFh6nZKvmjtQ==",
            "output_file_mode": null,
            "output_md5": "dda730c9183ac6fc69416540d77457ed",
            "output_path": "lambda_function.zip",
            "output_sha": "06ff65f63b5d35adeee0f78a8f96ba7b97b09252",
            "output_sha256": "447c84779f55085c4aa344745156e38624f96b7742471cd2f37bfc0a4b196054",
            "output_sha512": "d75b0ebe8f4d0f67040ab840d8d332d65dc6384743d3169d70eab2d8770424a69ebb3e69610aaf86ba5a1ab8c3c83eb4bdf0da57cee63d250587a9d92af9a3b5",
            "output_size": 8137309,
            "source": [],
            "source_content": null,
            "source_content_filename": null,
            "source_dir": ".",
            "source_file": null,
            "type": "zip"
          },
          "sensitive_attributes": [],
          "identity_schema_version": 0
        }
      ]
    },
    {
      "mode": "managed",
      "type": "aws_apigatewayv2_api",
      "name": "http_api",
      "provider": "provider[\"registry.terraform.io/hashicorp/aws\"]",
      "instances": [
        {
          "schema_version": 0,
          "attributes": {
            "api_endpoint": "https://t9p1pbc0ve.execute-api.us-east-1.amazonaws.com",
            "api_key_selection_expression": "$request.header.x-api-key",
            "arn": "arn:aws:apigateway:us-east-1::/apis/t9p1pbc0ve",
            "body": null,
            "cors_configuration": [
              {
                "allow_credentials": false,
                "allow_headers": [
                  "content-type"
                ],
                "allow_methods": [
                  "OPTIONS",
                  "POST"
                ],
                "allow_origins": [
                  "*"
                ],
                "expose_headers": [],
                "max_age": 0
              }
            ],
            "credentials_arn": null,
            "description": "",
            "disable_execute_api_endpoint": false,
            "execution_arn": "arn:aws:execute-api:us-east-1:803047874156:t9p1pbc0ve",
            "fail_on_warnings": null,
            "id": "t9p1pbc0ve",
            "ip_address_type": "ipv4",
            "name": "exif_cleaner_api",
            "protocol_type": "HTTP",
            "region": "us-east-1",
            "route_key": null,
            "route_selection_expression": "$request.method $request.path",
            "tags": {},
            "tags_all": {},
            "target": null,
            "version": ""
          },
          "sensitive_attributes": [],
          "identity_schema_version": 0,
          "identity": {
            "account_id": "803047874156",
            "id": "t9p1pbc0ve",
            "region": "us-east-1"
          },
          "private": "bnVsbA=="
        }
      ]
    },
    {
      "mode": "managed",
      "type": "aws_apigatewayv2_integration",
      "name": "lambda_integration",
      "provider": "provider[\"registry.terraform.io/hashicorp/aws\"]",
      "instances": [
        {
          "schema_version": 0,
          "attributes": {
            "api_id": "t9p1pbc0ve",
            "connection_id": "",
            "connection_type": "INTERNET",
            "content_handling_strategy": "",
            "credentials_arn": "",
            "description": "",
            "id": "w6yes89",
            "integration_method": "POST",
            "integration_response_selection_expression": "",
            "integration_subtype": "",
            "integration_type": "AWS_PROXY",
            "integration_uri": "arn:aws:apigateway:us-east-1:lambda:path/2015-03-31/functions/arn:aws:lambda:us-east-1:803047874156:function:exif_cleaner_backend/invocations",
            "passthrough_behavior": "",
            "payload_format_version": "1.0",
            "region": "us-east-1",
            "request_parameters": {},
            "request_templates": {},
            "response_parameters": [],
            "template_selection_expression": "",
            "timeout_milliseconds": 30000,
            "tls_config": []
          },
          "sensitive_attributes": [],
          "identity_schema_version": 0,
          "private": "bnVsbA==",
          "dependencies": [
            "aws_apigatewayv2_api.http_api",
            "aws_dynamodb_table.exif_table",
            "aws_lambda_function.exif_lambda",
            "data.archive_file.lambda_zip"
          ]
        }
      ]
    },
    {
      "mode": "managed",
      "type": "aws_apigatewayv2_route",
      "name": "upload_route",
      "provider": "provider[\"registry.terraform.io/hashicorp/aws\"]",
      "instances": [
        {
          "schema_version": 0,
          "attributes": {
            "api_id": "t9p1pbc0ve",
            "api_key_required": false,
            "authorization_scopes": [],
            "authorization_type": "NONE",
            "authorizer_id": "",
            "id": "e8ddnu8",
            "model_selection_expression": "",
            "operation_name": "",
            "region": "us-east-1",
            "request_models": {},
            "request_parameter": [],
            "route_key": "POST /upload",
            "route_response_selection_expression": "",
            "target": "integrations/w6yes89"
          },
          "sensitive_attributes": [],
          "identity_schema_version": 0,
          "identity": {
            "account_id": "803047874156",
            "api_id": "t9p1pbc0ve",
            "id": "e8ddnu8",
            "region": "us-east-1"
          },
          "private": "bnVsbA==",
          "dependencies": [
            "aws_apigatewayv2_api.http_api",
            "aws_apigatewayv2_integration.lambda_integration",
            "aws_dynamodb_table.exif_table",
            "aws_lambda_function.exif_lambda",
            "data.archive_file.lambda_zip"
          ]
        }
      ]
    },
    {
      "mode": "managed",
      "type": "aws_apigatewayv2_stage",
      "name": "default_stage",
      "provider": "provider[\"registry.terraform.io/hashicorp/aws\"]",
      "instances": [
        {
          "schema_version": 0,
          "attributes": {
            "access_log_settings": [],
            "api_id": "t9p1pbc0ve",
            "arn": "arn:aws:apigateway:us-east-1::/apis/t9p1pbc0ve/stages/$default",
            "auto_deploy": true,
            "client_certificate_id": "",
            "default_route_settings": [
              {
                "data_trace_enabled": false,
                "detailed_metrics_enabled": false,
                "logging_level": "",
                "throttling_burst_limit": 0,
                "throttling_rate_limit": 0
              }
            ],
            "deployment_id": "1a8bhf",
            "description": "",
            "execution_arn": "arn:aws:execute-api:us-east-1:803047874156:t9p1pbc0ve/$default",
            "id": "$default",
            "invoke_url": "https://t9p1pbc0ve.execute-api.us-east-1.amazonaws.com/",
            "name": "$default",
            "region": "us-east-1",
            "route_settings": [],
            "stage_variables": {},
            "tags": {},
            "tags_all": {}
          },
          "sensitive_attributes": [],
          "identity_schema_version": 0,
          "private": "bnVsbA==",
          "dependencies": [
            "aws_apigatewayv2_api.http_api"
          ]
        }
      ]
    },
    {
      "mode": "managed",
      "type": "aws_dynamodb_table",
      "name": "exif_table",
      "provider": "provider[\"registry.terraform.io/hashicorp/aws\"]",
      "instances": [
        {
          "schema_version": 1,
          "attributes": {
            "arn": "arn:aws:dynamodb:us-east-1:803047874156:table/exif_metadata_log",
            "attribute": [
              {
                "name": "id",
                "type": "S"
              }
            ],
            "billing_mode": "PAY_PER_REQUEST",
            "deletion_protection_enabled": false,
            "global_secondary_index": [],
            "global_table_witness": [],
            "hash_key": "id",
            "id": "exif_metadata_log",
            "import_table": [],
            "local_secondary_index": [],
            "name": "exif_metadata_log",
            "on_demand_throughput": [],
            "point_in_time_recovery": [
              {
                "enabled": false,
                "recovery_period_in_days": 0
              }
            ],
            "range_key": null,
            "read_capacity": 0,
            "region": "us-east-1",
            "replica": [],
            "restore_backup_arn": null,
            "restore_date_time": null,
            "restore_source_name": null,
            "restore_source_table_arn": null,
            "restore_to_latest_time": null,
            "server_side_encryption": [],
            "stream_arn": "",
            "stream_enabled": false,
            "stream_label": "",
            "stream_view_type": "",
            "table_class": "STANDARD",
            "tags": {},
            "tags_all": {},
            "timeouts": null,
            "ttl": [
              {
                "attribute_name": "",
                "enabled": false
              }
            ],
            "warm_throughput": [],
            "write_capacity": 0
          },
          "sensitive_attributes": [],
          "identity_schema_version": 0,
          "identity": {
            "account_id": "803047874156",
            "name": "exif_metadata_log",
            "region": "us-east-1"
          },
          "private": "eyJlMmJmYjczMC1lY2FhLTExZTYtOGY4OC0zNDM2M2JjN2M0YzAiOnsiY3JlYXRlIjoxODAwMDAwMDAwMDAwLCJkZWxldGUiOjYwMDAwMDAwMDAwMCwidXBkYXRlIjozNjAwMDAwMDAwMDAwfSwic2NoZW1hX3ZlcnNpb24iOiIxIn0="
        }
      ]
    },
    {
      "mode": "managed",
      "type": "aws_lambda_function",
      "name": "exif_lambda",
      "provider": "provider[\"registry.terraform.io/hashicorp/aws\"]",
      "instances": [
        {
          "schema_version": 0,
          "attributes": {
            "architectures": [
              "x86_64"
            ],
            "arn": "arn:aws:lambda:us-east-1:803047874156:function:exif_cleaner_backend",
            "capacity_provider_config": [],
            "code_sha256": "RHyEd59VCFxKo0R0UVbjhiT5a3dCRxzS83v8CksZYFQ=",
            "code_signing_config_arn": "",
            "dead_letter_config": [],
            "description": "",
            "durable_config": [],
            "environment": [
              {
                "variables": {
                  "TABLE_NAME": "exif_metadata_log"
                }
              }
            ],
            "ephemeral_storage": [
              {
                "size": 512
              }
            ],
            "file_system_config": [],
            "filename": "lambda_function.zip",
            "function_name": "exif_cleaner_backend",
            "handler": "lambda_function.lambda_handler",
            "id": "exif_cleaner_backend",
            "image_config": [],
            "image_uri": "",
            "invoke_arn": "arn:aws:apigateway:us-east-1:lambda:path/2015-03-31/functions/arn:aws:lambda:us-east-1:803047874156:function:exif_cleaner_backend/invocations",
            "kms_key_arn": "",
            "last_modified": "2026-06-29T17:03:15.000+0000",
            "layers": [],
            "logging_config": [
              {
                "application_log_level": "",
                "log_format": "Text",
                "log_group": "/aws/lambda/exif_cleaner_backend",
                "system_log_level": ""
              }
            ],
            "memory_size": 128,
            "package_type": "Zip",
            "publish": false,
            "publish_to": null,
            "qualified_arn": "arn:aws:lambda:us-east-1:803047874156:function:exif_cleaner_backend:$LATEST",
            "qualified_invoke_arn": "arn:aws:apigateway:us-east-1:lambda:path/2015-03-31/functions/arn:aws:lambda:us-east-1:803047874156:function:exif_cleaner_backend:$LATEST/invocations",
            "region": "us-east-1",
            "replace_security_groups_on_destroy": null,
            "replacement_security_group_ids": null,
            "reserved_concurrent_executions": -1,
            "response_streaming_invoke_arn": "arn:aws:apigateway:us-east-1:lambda:path/2021-11-15/functions/arn:aws:lambda:us-east-1:803047874156:function:exif_cleaner_backend/response-streaming-invocations",
            "role": "arn:aws:iam::803047874156:role/LabRole",
            "runtime": "python3.11",
            "s3_bucket": null,
            "s3_key": null,
            "s3_object_version": null,
            "signing_job_arn": "",
            "signing_profile_version_arn": "",
            "skip_destroy": false,
            "snap_start": [],
            "source_code_hash": "RHyEd59VCFxKo0R0UVbjhiT5a3dCRxzS83v8CksZYFQ=",
            "source_code_size": 8137309,
            "source_kms_key_arn": "",
            "tags": {},
            "tags_all": {},
            "tenancy_config": [],
            "timeout": 60,
            "timeouts": null,
            "tracing_config": [
              {
                "mode": "PassThrough"
              }
            ],
            "version": "$LATEST",
            "vpc_config": []
          },
          "sensitive_attributes": [],
          "identity_schema_version": 0,
          "identity": {
            "account_id": "803047874156",
            "function_name": "exif_cleaner_backend",
            "region": "us-east-1"
          },
          "private": "eyJlMmJmYjczMC1lY2FhLTExZTYtOGY4OC0zNDM2M2JjN2M0YzAiOnsiY3JlYXRlIjo2MDAwMDAwMDAwMDAsImRlbGV0ZSI6NjAwMDAwMDAwMDAwLCJ1cGRhdGUiOjYwMDAwMDAwMDAwMH19",
          "dependencies": [
            "aws_dynamodb_table.exif_table",
            "data.archive_file.lambda_zip"
          ]
        }
      ]
    },
    {
      "mode": "managed",
      "type": "aws_lambda_permission",
      "name": "api_gw_per_lambda",
      "provider": "provider[\"registry.terraform.io/hashicorp/aws\"]",
      "instances": [
        {
          "schema_version": 0,
          "attributes": {
            "action": "lambda:InvokeFunction",
            "event_source_token": null,
            "function_name": "exif_cleaner_backend",
            "function_url_auth_type": null,
            "id": "AllowExecutionFromAPIGateway",
            "invoked_via_function_url": null,
            "principal": "apigateway.amazonaws.com",
            "principal_org_id": null,
            "qualifier": "",
            "region": "us-east-1",
            "source_account": null,
            "source_arn": "arn:aws:execute-api:us-east-1:803047874156:t9p1pbc0ve/*/*",
            "statement_id": "AllowExecutionFromAPIGateway",
            "statement_id_prefix": ""
          },
          "sensitive_attributes": [],
          "identity_schema_version": 0,
          "identity": {
            "account_id": "803047874156",
            "function_name": "exif_cleaner_backend",
            "qualifier": null,
            "region": "us-east-1",
            "statement_id": "AllowExecutionFromAPIGateway"
          },
          "private": "bnVsbA==",
          "dependencies": [
            "aws_apigatewayv2_api.http_api",
            "aws_dynamodb_table.exif_table",
            "aws_lambda_function.exif_lambda",
            "data.archive_file.lambda_zip"
          ]
        }
      ]
    }
  ],
  "check_results": null
}
